
Microsoft Visual Studio Solution File, Format Version 12.00
# Visual Studio Version 17
VisualStudioVersion = 17.0.31903.59
MinimumVisualStudioVersion = 10.0.40219.1
Project("{9A19103F-16F7-4668-BE54-9A1E7A4F7556}") = "WebApi", "WebApi\WebApi.csproj", "{A42F50F4-A9CD-4E02-BDC1-2737989AEA8C}"
EndProject
Project("{9A19103F-16F7-4668-BE54-9A1E7A4F7556}") = "Entities", "Entities\Entities.csproj", "{A49B8C31-3D7A-4280-86CE-7472606E0D9A}"
EndProject
Project("{9A19103F-16F7-4668-BE54-9A1E7A4F7556}") = "Repositories", "Repositories\Repositories.csproj", "{F9A46F66-E731-4FD7-8412-B57071C83DCB}"
EndProject
Project("{9A19103F-16F7-4668-BE54-9A1E7A4F7556}") = "Services", "Services\Services.csproj", "{8A7F966E-9A21-4E86-8DF5-03C36F2C88D0}"
EndProject
Project("{FAE04EC0-301F-11D3-BF4B-00C04F79EFBC}") = "Presentation", "Presentation\Presentation.csproj", "{56092247-0F6C-4D6D-B280-3BB99E119A16}"
EndProject
Global
	GlobalSection(SolutionConfigurationPlatforms) = preSolution
		Debug|Any CPU = Debug|Any CPU
		Release|Any CPU = Release|Any CPU
	EndGlobalSection
	GlobalSection(ProjectConfigurationPlatforms) = postSolution
		{A42F50F4-A9CD-4E02-BDC1-2737989AEA8C}.Debug|Any CPU.ActiveCfg = Debug|Any CPU
		{A42F50F4-A9CD-4E02-BDC1-2737989AEA8C}.Debug|Any CPU.Build.0 = Debug|Any CPU
		{A42F50F4-A9CD-4E02-BDC1-2737989AEA8C}.Release|Any CPU.ActiveCfg = Release|Any CPU
		{A42F50F4-A9CD-4E02-BDC1-2737989AEA8C}.Release|Any CPU.Build.0 = Release|Any CPU
		{A49B8C31-3D7A-4280-86CE-7472606E0D9A}.Debug|Any CPU.ActiveCfg = Debug|Any CPU
		{A49B8C31-3D7A-4280-86CE-7472606E0D9A}.Debug|Any CPU.Build.0 = Debug|Any CPU
		{A49B8C31-3D7A-4280-86CE-7472606E0D9A}.Release|Any CPU.ActiveCfg = Release|Any CPU
		{A49B8C31-3D7A-4280-86CE-7472606E0D9A}.Release|Any CPU.Build.0 = Release|Any CPU
		{F9A46F66-E731-4FD7-8412-B57071C83DCB}.Debug|Any CPU.ActiveCfg = Debug|Any CPU
		{F9A46F66-E731-4FD7-8412-B57071C83DCB}.Debug|Any CPU.Build.0 = Debug|Any CPU
		{F9A46F66-E731-4FD7-8412-B57071C83DCB}.Release|Any CPU.ActiveCfg = Release|Any CPU
		{F9A46F66-E731-4FD7-8412-B57071C83DCB}.Release|Any CPU.Build.0 = Release|Any CPU
		{8A7F966E-9A21-4E86-8DF5-03C36F2C88D0}.Debug|Any CPU.ActiveCfg = Debug|Any CPU
		{8A7F966E-9A21-4E86-8DF5-03C36F2C88D0}.Debug|Any CPU.Build.0 = Debug|Any CPU
		{8A7F966E-9A21-4E86-8DF5-03C36F2C88D0}.Release|Any CPU.ActiveCfg = Release|Any CPU
		{8A7F966E-9A21-4E86-8DF5-03C36F2C88D0}.Release|Any CPU.Build.0 = Release|Any CPU
		{56092247-0F6C-4D6D-B280-3BB99E119A16}.Debug|Any CPU.ActiveCfg = Debug|Any CPU
		{56092247-0F6C-4D6D-B280-3BB99E119A16}.Debug|Any CPU.Build.0 = Debug|Any CPU
		{56092247-0F6C-4D6D-B280-3BB99E119A16}.Release|Any CPU.ActiveCfg = Release|Any CPU
		{56092247-0F6C-4D6D-B280-3BB99E119A16}.Release|Any CPU.Build.0 = Release|Any CPU
	EndGlobalSection
	GlobalSection(SolutionProperties) = preSolution
		HideSolutionNode = FALSE
	EndGlobalSection
	GlobalSection(ExtensibilityGlobals) = postSolution
		SolutionGuid = {3AF1E2AD-B431-4CCD-94D0-B8CF3EA8832A}
	EndGlobalSection
EndGlobal
